
Microsoft Visual Studio Solution File, Format Version 12.00
# Visual Studio Version 17
VisualStudioVersion = 17.9.34616.47
MinimumVisualStudioVersion = 10.0.40219.1
Project("{FAE04EC0-301F-11D3-BF4B-00C04F79EFBC}") = "ForestArts", "ForestArts\ForestArts.csproj", "{CF334C44-6396-4C89-8B77-FA0FF3A330F9}"
EndProject
Global
	GlobalSection(SolutionConfigurationPlatforms) = preSolution
		Debug|Any CPU = Debug|Any CPU
		Release|Any CPU = Release|Any CPU
	EndGlobalSection
	GlobalSection(ProjectConfigurationPlatforms) = postSolution
		{CF334C44-6396-4C89-8B77-FA0FF3A330F9}.Debug|Any CPU.ActiveCfg = Debug|Any CPU
		{CF334C44-6396-4C89-8B77-FA0FF3A330F9}.Debug|Any CPU.Build.0 = Debug|Any CPU
		{CF334C44-6396-4C89-8B77-FA0FF3A330F9}.Release|Any CPU.ActiveCfg = Release|Any CPU
		{CF334C44-6396-4C89-8B77-FA0FF3A330F9}.Release|Any CPU.Build.0 = Release|Any CPU
	EndGlobalSection
	GlobalSection(SolutionProperties) = preSolution
		HideSolutionNode = FALSE
	EndGlobalSection
	GlobalSection(ExtensibilityGlobals) = postSolution
		SolutionGuid = {28203A0D-C508-4BFB-9C2E-A1471FB2A159}
	EndGlobalSection
EndGlobal
